// !$*UTF8*$!
{
	archiveVersion = 1;
	classes = {
	};
	objectVersion = 50;
	objects = {

/* Begin PBXBuildFile section */
		7FE1CBEC216B7535000B5DB9 /* AppDelegate.swift in Sources */ = {isa = PBXBuildFile; fileRef = 7FE1CBEB216B7535000B5DB9 /* AppDelegate.swift */; };
		7FE1CBEE216B7535000B5DB9 /* ViewController.swift in Sources */ = {isa = PBXBuildFile; fileRef = 7FE1CBED216B7535000B5DB9 /* ViewController.swift */; };
		7FE1CBF1216B7535000B5DB9 /* Main.storyboard in Resources */ = {isa = PBXBuildFile; fileRef = 7FE1CBEF216B7535000B5DB9 /* Main.storyboard */; };
		7FE1CBF3216B7537000B5DB9 /* Assets.xcassets in Resources */ = {isa = PBXBuildFile; fileRef = 7FE1CBF2216B7537000B5DB9 /* Assets.xcassets */; };
		7FE1CBF6216B7537000B5DB9 /* LaunchScreen.storyboard in Resources */ = {isa = PBXBuildFile; fileRef = 7FE1CBF4216B7537000B5DB9 /* LaunchScreen.storyboard */; };
		7FE1CBFE216B7CCF000B5DB9 /* Usuario.swift in Sources */ = {isa = PBXBuildFile; fileRef = 7FE1CBFD216B7CCF000B5DB9 /* Usuario.swift */; };
/* End PBXBuildFile section */

/* Begin PBXFileReference section */
		7FE1CBE8216B7535000B5DB9 /* Formulario.app */ = {isa = PBXFileReference; explicitFileType = wrapper.application; includeInIndex = 0; path = Formulario.app; sourceTree = BUILT_PRODUCTS_DIR; };
		7FE1CBEB216B7535000B5DB9 /* AppDelegate.swift */ = {isa = PBXFileReference; lastKnownFileType = sourcecode.swift; path = AppDelegate.swift; sourceTree = "<group>"; };
		7FE1CBED216B7535000B5DB9 /* ViewController.swift */ = {isa = PBXFileReference; lastKnownFileType = sourcecode.swift; path = ViewController.swift; sourceTree = "<group>"; };
		7FE1CBF0216B7535000B5DB9 /* Base */ = {isa = PBXFileReference; lastKnownFileType = file.storyboard; name = Base; path = Base.lproj/Main.storyboard; sourceTree = "<group>"; };
		7FE1CBF2216B7537000B5DB9 /* Assets.xcassets */ = {isa = PBXFileReference; lastKnownFileType = folder.assetcatalog; path = Assets.xcassets; sourceTree = "<group>"; };
		7FE1CBF5216B7537000B5DB9 /* Base */ = {isa = PBXFileReference; lastKnownFileType = file.storyboard; name = Base; path = Base.lproj/LaunchScreen.storyboard; sourceTree = "<group>"; };
		7FE1CBF7216B7537000B5DB9 /* Info.plist */ = {isa = PBXFileReference; lastKnownFileType = text.plist.xml; path = Info.plist; sourceTree = "<group>"; };
		7FE1CBFD216B7CCF000B5DB9 /* Usuario.swift */ = {isa = PBXFileReference; lastKnownFileType = sourcecode.swift; path = Usuario.swift; sourceTree = "<group>"; };
/* End PBXFileReference section */

/* Begin PBXFrameworksBuildPhase section */
		7FE1CBE5216B7535000B5DB9 /* Frameworks */ = {
			isa = PBXFrameworksBuildPhase;
			buildActionMask = 2147483647;
			files = (
			);
			runOnlyForDeploymentPostprocessing = 0;
		};
/* End PBXFrameworksBuildPhase section */

/* Begin PBXGroup section */
		7FE1CBDF216B7535000B5DB9 = {
			isa = PBXGroup;
			children = (
				7FE1CBEA216B7535000B5DB9 /* Formulario */,
				7FE1CBE9216B7535000B5DB9 /* Products */,
			);
			sourceTree = "<group>";
		};
		7FE1CBE9216B7535000B5DB9 /* Products */ = {
			isa = PBXGroup;
			children = (
				7FE1CBE8216B7535000B5DB9 /* Formulario.app */,
			);
			name = Products;
			sourceTree = "<group>";
		};
		7FE1CBEA216B7535000B5DB9 /* Formulario */ = {
			isa = PBXGroup;
			children = (
				7FE1CBEB216B7535000B5DB9 /* AppDelegate.swift */,
				7FE1CBED216B7535000B5DB9 /* ViewController.swift */,
				7FE1CBEF216B7535000B5DB9 /* Main.storyboard */,
				7FE1CBF2216B7537000B5DB9 /* Assets.xcassets */,
				7FE1CBF4216B7537000B5DB9 /* LaunchScreen.storyboard */,
				7FE1CBF7216B7537000B5DB9 /* Info.plist */,
				7FE1CBFD216B7CCF000B5DB9 /* Usuario.swift */,
			);
			path = Formulario;
			sourceTree = "<group>";
		};
/* End PBXGroup section */

/* Begin PBXNativeTarget section */
		7FE1CBE7216B7535000B5DB9 /* Formulario */ = {
			isa = PBXNativeTarget;
			buildConfigurationList = 7FE1CBFA216B7537000B5DB9 /* Build configuration list for PBXNativeTarget "Formulario" */;
			buildPhases = (
				7FE1CBE4216B7535000B5DB9 /* Sources */,
				7FE1CBE5216B7535000B5DB9 /* Frameworks */,
				7FE1CBE6216B7535000B5DB9 /* Resources */,
			);
			buildRules = (
			);
			dependencies = (
			);
			name = Formulario;
			productName = Formulario;
			productReference = 7FE1CBE8216B7535000B5DB9 /* Formulario.app */;
			productType = "com.apple.product-type.application";
		};
/* End PBXNativeTarget section */

/* Begin PBXProject section */
		7FE1CBE0216B7535000B5DB9 /* Project object */ = {
			isa = PBXProject;
			attributes = {
				LastSwiftUpdateCheck = 0940;
				LastUpgradeCheck = 0940;
				ORGANIZATIONNAME = alumnos;
				TargetAttributes = {
					7FE1CBE7216B7535000B5DB9 = {
						CreatedOnToolsVersion = 9.4.1;
						LastSwiftMigration = 1020;
					};
				};
			};
			buildConfigurationList = 7FE1CBE3216B7535000B5DB9 /* Build configuration list for PBXProject "formulario" */;
			compatibilityVersion = "Xcode 9.3";
			developmentRegion = en;
			hasScannedForEncodings = 0;
			knownRegions = (
				en,
				Base,
			);
			mainGroup = 7FE1CBDF216B7535000B5DB9;
			productRefGroup = 7FE1CBE9216B7535000B5DB9 /* Products */;
			projectDirPath = "";
			projectRoot = "";
			targets = (
				7FE1CBE7216B7535000B5DB9 /* Formulario */,
			);
		};
/* End PBXProject section */

/* Begin PBXResourcesBuildPhase section */
		7FE1CBE6216B7535000B5DB9 /* Resources */ = {
			isa = PBXResourcesBuildPhase;
			buildActionMask = 2147483647;
			files = (
				7FE1CBF6216B7537000B5DB9 /* LaunchScreen.storyboard in Resources */,
				7FE1CBF3216B7537000B5DB9 /* Assets.xcassets in Resources */,
				7FE1CBF1216B7535000B5DB9 /* Main.storyboard in Resources */,
			);
			runOnlyForDeploymentPostprocessing = 0;
		};
/* End PBXResourcesBuildPhase section */

/* Begin PBXSourcesBuildPhase section */
		7FE1CBE4216B7535000B5DB9 /* Sources */ = {
			isa = PBXSourcesBuildPhase;
			buildActionMask = 2147483647;
			files = (
				7FE1CBEE216B7535000B5DB9 /* ViewController.swift in Sources */,
				7FE1CBEC216B7535000B5DB9 /* AppDelegate.swift in Sources */,
				7FE1CBFE216B7CCF000B5DB9 /* Usuario.swift in Sources */,
			);
			runOnlyForDeploymentPostprocessing = 0;
		};
/* End PBXSourcesBuildPhase section */

/* Begin PBXVariantGroup section */
		7FE1CBEF216B7535000B5DB9 /* Main.storyboard */ = {
			isa = PBXVariantGroup;
			children = (
				7FE1CBF0216B7535000B5DB9 /* Base */,
			);
			name = Main.storyboard;
			sourceTree = "<group>";
		};
		7FE1CBF4216B7537000B5DB9 /* LaunchScreen.storyboard */ = {
			isa = PBXVariantGroup;
			children = (
				7FE1CBF5216B7537000B5DB9 /* Base */,
			);
			name = LaunchScreen.storyboard;
			sourceTree = "<group>";
		};
/* End PBXVariantGroup section */

/* Begin XCBuildConfiguration section */
		7FE1CBF8216B7537000B5DB9 /* Debug */ = {
			isa = XCBuildConfiguration;
			buildSettings = {
				ALWAYS_SEARCH_USER_PATHS = NO;
				CLANG_ANALYZER_NONNULL = YES;
				CLANG_ANALYZER_NUMBER_OBJECT_CONVERSION = YES_AGGRESSIVE;
				CLANG_CXX_LANGUAGE_STANDARD = "gnu++14";
				CLANG_CXX_LIBRARY = "libc++";
				CLANG_ENABLE_MODULES = YES;
				CLANG_ENABLE_OBJC_ARC = YES;
				CLANG_ENABLE_OBJC_WEAK = YES;
				CLANG_WARN_BLOCK_CAPTURE_AUTORELEASING = YES;
				CLANG_WARN_BOOL_CONVERSION = YES;
				CLANG_WARN_COMMA = YES;
				CLANG_WARN_CONSTANT_CONVERSION = YES;
				CLANG_WARN_DEPRECATED_OBJC_IMPLEMENTATIONS = YES;
				CLANG_WARN_DIRECT_OBJC_ISA_USAGE = YES_ERROR;
				CLANG_WARN_DOCUMENTATION_COMMENTS = YES;
				CLANG_WARN_EMPTY_BODY = YES;
				CLANG_WARN_ENUM_CONVERSION = YES;
				CLANG_WARN_INFINITE_RECURSION = YES;
				CLANG_WARN_INT_CONVERSION = YES;
				CLANG_WARN_NON_LITERAL_NULL_CONVERSION = YES;
				CLANG_WARN_OBJC_IMPLICIT_RETAIN_SELF = YES;
				CLANG_WARN_OBJC_LITERAL_CONVERSION = YES;
				CLANG_WARN_OBJC_ROOT_CLASS = YES_ERROR;
				CLANG_WARN_RANGE_LOOP_ANALYSIS = YES;
				CLANG_WARN_STRICT_PROTOTYPES = YES;
				CLANG_WARN_SUSPICIOUS_MOVE = YES;
				CLANG_WARN_UNGUARDED_AVAILABILITY = YES_AGGRESSIVE;
				CLANG_WARN_UNREACHABLE_CODE = YES;
				CLANG_WARN__DUPLICATE_METHOD_MATCH = YES;
				CODE_SIGN_IDENTITY = "iPhone Developer";
				COPY_PHASE_STRIP = NO;
				DEBUG_INFORMATION_FORMAT = dwarf;
				ENABLE_STRICT_OBJC_MSGSEND = YES;
				ENABLE_TESTABILITY = YES;
				GCC_C_LANGUAGE_STANDARD = gnu11;
				GCC_DYNAMIC_NO_PIC = NO;
				GCC_NO_COMMON_BLOCKS = YES;
				GCC_OPTIMIZATION_LEVEL = 0;
				GCC_PREPROCESSOR_DEFINITIONS = (
					"DEBUG=1",
					"$(inherited)",
				);
				GCC_WARN_64_TO_32_BIT_CONVERSION = YES;
				GCC_WARN_ABOUT_RETURN_TYPE = YES_ERROR;
				GCC_WARN_UNDECLARED_SELECTOR = YES;
				GCC_WARN_UNINITIALIZED_AUTOS = YES_AGGRESSIVE;
				GCC_WARN_UNUSED_FUNCTION = YES;
				GCC_WARN_UNUSED_VARIABLE = YES;
				IPHONEOS_DEPLOYMENT_TARGET = 11.4;
				MTL_ENABLE_DEBUG_INFO = YES;
				ONLY_ACTIVE_ARCH = YES;
				SDKROOT = iphoneos;
				SWIFT_ACTIVE_COMPILATION_CONDITIONS = DEBUG;
				SWIFT_OPTIMIZATION_LEVEL = "-Onone";
			};
			name = Debug;
		};
		7FE1CBF9216B7537000B5DB9 /* Release */ = {
			isa = XCBuildConfiguration;
			buildSettings = {
				ALWAYS_SEARCH_USER_PATHS = NO;
				CLANG_ANALYZER_NONNULL = YES;
				CLANG_ANALYZER_NUMBER_OBJECT_CONVERSION = YES_AGGRESSIVE;
				CLANG_CXX_LANGUAGE_STANDARD = "gnu++14";
				CLANG_CXX_LIBRARY = "libc++";
				CLANG_ENABLE_MODULES = YES;
				CLANG_ENABLE_OBJC_ARC = YES;
				CLANG_ENABLE_OBJC_WEAK = YES;
				CLANG_WARN_BLOCK_CAPTURE_AUTORELEASING = YES;
				CLANG_WARN_BOOL_CONVERSION = YES;
				CLANG_WARN_COMMA = YES;
				CLANG_WARN_CONSTANT_CONVERSION = YES;
				CLANG_WARN_DEPRECATED_OBJC_IMPLEMENTATIONS = YES;
				CLANG_WARN_DIRECT_OBJC_ISA_USAGE = YES_ERROR;
				CLANG_WARN_DOCUMENTATION_COMMENTS = YES;
				CLANG_WARN_EMPTY_BODY = YES;
				CLANG_WARN_ENUM_CONVERSION = YES;
				CLANG_WARN_INFINITE_RECURSION = YES;
				CLANG_WARN_INT_CONVERSION = YES;
				CLANG_WARN_NON_LITERAL_NULL_CONVERSION = YES;
				CLANG_WARN_OBJC_IMPLICIT_RETAIN_SELF = YES;
				CLANG_WARN_OBJC_LITERAL_CONVERSION = YES;
				CLANG_WARN_OBJC_ROOT_CLASS = YES_ERROR;
				CLANG_WARN_RANGE_LOOP_ANALYSIS = YES;
				CLANG_WARN_STRICT_PROTOTYPES = YES;
				CLANG_WARN_SUSPICIOUS_MOVE = YES;
				CLANG_WARN_UNGUARDED_AVAILABILITY = YES_AGGRESSIVE;
				CLANG_WARN_UNREACHABLE_CODE = YES;
				CLANG_WARN__DUPLICATE_METHOD_MATCH = YES;
				CODE_SIGN_IDENTITY = "iPhone Developer";
				COPY_PHASE_STRIP = NO;
				DEBUG_INFORMATION_FORMAT = "dwarf-with-dsym";
				ENABLE_NS_ASSERTIONS = NO;
				ENABLE_STRICT_OBJC_MSGSEND = YES;
				GCC_C_LANGUAGE_STANDARD = gnu11;
				GCC_NO_COMMON_BLOCKS = YES;
				GCC_WARN_64_TO_32_BIT_CONVERSION = YES;
				GCC_WARN_ABOUT_RETURN_TYPE = YES_ERROR;
				GCC_WARN_UNDECLARED_SELECTOR = YES;
				GCC_WARN_UNINITIALIZED_AUTOS = YES_AGGRESSIVE;
				GCC_WARN_UNUSED_FUNCTION = YES;
				GCC_WARN_UNUSED_VARIABLE = YES;
				IPHONEOS_DEPLOYMENT_TARGET = 11.4;
				MTL_ENABLE_DEBUG_INFO = NO;
				SDKROOT = iphoneos;
				SWIFT_COMPILATION_MODE = wholemodule;
				SWIFT_OPTIMIZATION_LEVEL = "-O";
				VALIDATE_PRODUCT = YES;
			};
			name = Release;
		};
		7FE1CBFB216B7537000B5DB9 /* Debug */ = {
			isa = XCBuildConfiguration;
			buildSettings = {
				ASSETCATALOG_COMPILER_APPICON_NAME = AppIcon;
				CODE_SIGN_STYLE = Automatic;
				DEVELOPMENT_TEAM = KLBY2DFSR9;
				INFOPLIST_FILE = Formulario/Info.plist;
				LD_RUNPATH_SEARCH_PATHS = (
					"$(inherited)",
					"@executable_path/Frameworks",
				);
				PRODUCT_BUNDLE_IDENTIFIER = profe.Formulario;
				PRODUCT_NAME = "$(TARGET_NAME)";
				SWIFT_VERSION = 5.0;
				TARGETED_DEVICE_FAMILY = "1,2";
			};
			name = Debug;
		};
		7FE1CBFC216B7537000B5DB9 /* Release */ = {
			isa = XCBuildConfiguration;
			buildSettings = {
				ASSETCATALOG_COMPILER_APPICON_NAME = AppIcon;
				CODE_SIGN_STYLE = Automatic;
				DEVELOPMENT_TEAM = KLBY2DFSR9;
				INFOPLIST_FILE = Formulario/Info.plist;
				LD_RUNPATH_SEARCH_PATHS = (
					"$(inherited)",
					"@executable_path/Frameworks",
				);
				PRODUCT_BUNDLE_IDENTIFIER = profe.Formulario;
				PRODUCT_NAME = "$(TARGET_NAME)";
				SWIFT_VERSION = 5.0;
				TARGETED_DEVICE_FAMILY = "1,2";
			};
			name = Release;
		};
/* End XCBuildConfiguration section */

/* Begin XCConfigurationList section */
		7FE1CBE3216B7535000B5DB9 /* Build configuration list for PBXProject "formulario" */ = {
			isa = XCConfigurationList;
			buildConfigurations = (
				7FE1CBF8216B7537000B5DB9 /* Debug */,
				7FE1CBF9216B7537000B5DB9 /* Release */,
			);
			defaultConfigurationIsVisible = 0;
			defaultConfigurationName = Release;
		};
		7FE1CBFA216B7537000B5DB9 /* Build configuration list for PBXNativeTarget "Formulario" */ = {
			isa = XCConfigurationList;
			buildConfigurations = (
				7FE1CBFB216B7537000B5DB9 /* Debug */,
				7FE1CBFC216B7537000B5DB9 /* Release */,
			);
			defaultConfigurationIsVisible = 0;
			defaultConfigurationName = Release;
		};
/* End XCConfigurationList section */
	};
	rootObject = 7FE1CBE0216B7535000B5DB9 /* Project object */;
}
